# This file is automatically @generated by Cargo.
# It is not intended for manual editing.
version = 4

[[package]]
name = "sele4n-abi"
version = "0.21.2"
dependencies = [
 "sele4n-types",
]

[[package]]
name = "sele4n-sys"
version = "0.21.2"
dependencies = [
 "sele4n-abi",
 "sele4n-types",
]

[[package]]
name = "sele4n-types"
version = "0.21.2"
